{
  "nodes": {
    "nixpkgs": {
      "locked": {
        "lastModified": 1780453794,
        "narHash": "sha256-bXMRa9VTsHSPXL4Cw8R6JJLQeY3Y/IP4+YJCYVmQ7FY=",
        "owner": "nixos",
        "repo": "nixpkgs",
        "rev": "6b316287bae2ee04c9b93c8c858d930fd07d7338",
        "type": "github"
      },
      "original": {
        "owner": "nixos",
        "ref": "nixos-26.05",
        "repo": "nixpkgs",
        "type": "github"
      }
    },
    "nixpkgs-newer": {
      "locked": {
        "lastModified": 1790665384,
        "narHash": "sha256-9Yb/EZV6XYJdBsiRV3fUmBUS390IZJVMpxnxJqhStt0=",
        "owner": "NixOS",
        "repo": "nixpkgs",
        "rev": "0a59a4df5fb1b3ff45c63d7d9d308686e85cda55",
        "type": "github"
      },
      "original": {
        "owner": "NixOS",
        "repo": "nixpkgs",
        "rev": "0a59a4df5fb1b3ff45c63d7d9d308686e85cda55",
        "type": "github"
      }
    },
    "root": {
      "inputs": {
        "nixpkgs": "nixpkgs",
        "nixpkgs-newer": "nixpkgs-newer"
      }
    }
  },
  "root": "root",
  "version": 7
}
